
Microsoft Visual Studio Solution File, Format Version 12.00
# Visual Studio Version 17
VisualStudioVersion = 17.3.32519.111
MinimumVisualStudioVersion = 10.0.40219.1
Project("{FAE04EC0-301F-11D3-BF4B-00C04F79EFBC}") = "Galactic", "Galactic\Galactic.csproj", "{317E4B46-9C7A-4775-8EA8-C5B2FBA1D4C3}"
EndProject
Global
	GlobalSection(SolutionConfigurationPlatforms) = preSolution
		Debug|Any CPU = Debug|Any CPU
		Release|Any CPU = Release|Any CPU
	EndGlobalSection
	GlobalSection(ProjectConfigurationPlatforms) = postSolution
		{317E4B46-9C7A-4775-8EA8-C5B2FBA1D4C3}.Debug|Any CPU.ActiveCfg = Debug|Any CPU
		{317E4B46-9C7A-4775-8EA8-C5B2FBA1D4C3}.Debug|Any CPU.Build.0 = Debug|Any CPU
		{317E4B46-9C7A-4775-8EA8-C5B2FBA1D4C3}.Release|Any CPU.ActiveCfg = Release|Any CPU
		{317E4B46-9C7A-4775-8EA8-C5B2FBA1D4C3}.Release|Any CPU.Build.0 = Release|Any CPU
	EndGlobalSection
	GlobalSection(SolutionProperties) = preSolution
		HideSolutionNode = FALSE
	EndGlobalSection
	GlobalSection(ExtensibilityGlobals) = postSolution
		SolutionGuid = {59FB65ED-8B9B-4003-B951-C6F4E2E8B46F}
	EndGlobalSection
EndGlobal
